
Microsoft Visual Studio Solution File, Format Version 12.00
Project("{FAE04EC0-301F-11D3-BF4B-00C04F79EFBC}") = "EjerciciosOCP", "EjerciciosOCP.csproj", "{7A234118-D558-4FA5-B01C-05CC24C3DFB1}"
EndProject
Global
	GlobalSection(SolutionConfigurationPlatforms) = preSolution
		Debug|Any CPU = Debug|Any CPU
		Release|Any CPU = Release|Any CPU
	EndGlobalSection
	GlobalSection(ProjectConfigurationPlatforms) = postSolution
		{7A234118-D558-4FA5-B01C-05CC24C3DFB1}.Debug|Any CPU.ActiveCfg = Debug|Any CPU
		{7A234118-D558-4FA5-B01C-05CC24C3DFB1}.Debug|Any CPU.Build.0 = Debug|Any CPU
		{7A234118-D558-4FA5-B01C-05CC24C3DFB1}.Release|Any CPU.ActiveCfg = Release|Any CPU
		{7A234118-D558-4FA5-B01C-05CC24C3DFB1}.Release|Any CPU.Build.0 = Release|Any CPU
	EndGlobalSection
EndGlobal
